// !$*UTF8*$!
{
	archiveVersion = 1;
	classes = {
	};
	objectVersion = 48;
	objects = {

/* Begin PBXBuildFile section */
		573CBD4A1F90317C00FA7F72 /* icon_167.png in Resources */ = {isa = PBXBuildFile; fileRef = 573CBD3F1F90317C00FA7F72 /* icon_167.png */; };
		573CBD4B1F90317C00FA7F72 /* icon_152.png in Resources */ = {isa = PBXBuildFile; fileRef = 573CBD401F90317C00FA7F72 /* icon_152.png */; };
		573CBD4C1F90317C00FA7F72 /* icon_1024.png in Resources */ = {isa = PBXBuildFile; fileRef = 573CBD411F90317C00FA7F72 /* icon_1024.png */; };
		573CBD4D1F90317C00FA7F72 /* icon_20.png in Resources */ = {isa = PBXBuildFile; fileRef = 573CBD421F90317C00FA7F72 /* icon_20.png */; };
		573CBD4E1F90317C00FA7F72 /* icon_83_5.png in Resources */ = {isa = PBXBuildFile; fileRef = 573CBD431F90317C00FA7F72 /* icon_83_5.png */; };
		573CBD4F1F90317C00FA7F72 /* icon_120.png in Resources */ = {isa = PBXBuildFile; fileRef = 573CBD441F90317C00FA7F72 /* icon_120.png */; };
		573CBD501F90317C00FA7F72 /* icon_29.png in Resources */ = {isa = PBXBuildFile; fileRef = 573CBD451F90317C00FA7F72 /* icon_29.png */; };
		573CBD511F90317C00FA7F72 /* icon_40.png in Resources */ = {isa = PBXBuildFile; fileRef = 573CBD461F90317C00FA7F72 /* icon_40.png */; };
		573CBD521F90317C00FA7F72 /* icon_80.png in Resources */ = {isa = PBXBuildFile; fileRef = 573CBD471F90317C00FA7F72 /* icon_80.png */; };
		573CBD531F90317C00FA7F72 /* icon_76.png in Resources */ = {isa = PBXBuildFile; fileRef = 573CBD481F90317C00FA7F72 /* icon_76.png */; };
		573CBD541F90317C00FA7F72 /* design.psd in Resources */ = {isa = PBXBuildFile; fileRef = 573CBD491F90317C00FA7F72 /* design.psd */; };
		57BE72D91F86ED6F0044B91B /* ProjectViewController.swift in Sources */ = {isa = PBXBuildFile; fileRef = 57BE72D31F86ED6F0044B91B /* ProjectViewController.swift */; };
		57BE72DA1F86ED6F0044B91B /* NVActivityIndicatorAnimations.swift in Sources */ = {isa = PBXBuildFile; fileRef = 57BE72D41F86ED6F0044B91B /* NVActivityIndicatorAnimations.swift */; };
		57BE72DB1F86ED6F0044B91B /* NVActivityIndicatorView.swift in Sources */ = {isa = PBXBuildFile; fileRef = 57BE72D51F86ED6F0044B91B /* NVActivityIndicatorView.swift */; };
		57BE72DD1F86ED6F0044B91B /* Models.swift in Sources */ = {isa = PBXBuildFile; fileRef = 57BE72D71F86ED6F0044B91B /* Models.swift */; };
		57BE72E11F86ED790044B91B /* Cells.swift in Sources */ = {isa = PBXBuildFile; fileRef = 57BE72DE1F86ED790044B91B /* Cells.swift */; };
		57BE72E31F86ED790044B91B /* ImageViewController.swift in Sources */ = {isa = PBXBuildFile; fileRef = 57BE72E01F86ED790044B91B /* ImageViewController.swift */; };
		57BE72E81F86F69E0044B91B /* NVActivityIndicatorShape.swift in Sources */ = {isa = PBXBuildFile; fileRef = 57BE72E71F86F69E0044B91B /* NVActivityIndicatorShape.swift */; };
		A902CD951F7ACF2000E090A6 /* AppDelegate.swift in Sources */ = {isa = PBXBuildFile; fileRef = A902CD941F7ACF2000E090A6 /* AppDelegate.swift */; };
		A902CD971F7ACF2000E090A6 /* ViewController.swift in Sources */ = {isa = PBXBuildFile; fileRef = A902CD961F7ACF2000E090A6 /* ViewController.swift */; };
		A902CD9A1F7ACF2000E090A6 /* Main.storyboard in Resources */ = {isa = PBXBuildFile; fileRef = A902CD981F7ACF2000E090A6 /* Main.storyboard */; };
		A902CD9C1F7ACF2000E090A6 /* Assets.xcassets in Resources */ = {isa = PBXBuildFile; fileRef = A902CD9B1F7ACF2000E090A6 /* Assets.xcassets */; };
		A902CD9F1F7ACF2000E090A6 /* LaunchScreen.storyboard in Resources */ = {isa = PBXBuildFile; fileRef = A902CD9D1F7ACF2000E090A6 /* LaunchScreen.storyboard */; };
/* End PBXBuildFile section */

/* Begin PBXFileReference section */
		573CBD3F1F90317C00FA7F72 /* icon_167.png */ = {isa = PBXFileReference; lastKnownFileType = image.png; name = icon_167.png; path = ICONS/icon_167.png; sourceTree = "<group>"; };
		573CBD401F90317C00FA7F72 /* icon_152.png */ = {isa = PBXFileReference; lastKnownFileType = image.png; name = icon_152.png; path = ICONS/icon_152.png; sourceTree = "<group>"; };
		573CBD411F90317C00FA7F72 /* icon_1024.png */ = {isa = PBXFileReference; lastKnownFileType = image.png; name = icon_1024.png; path = ICONS/icon_1024.png; sourceTree = "<group>"; };
		573CBD421F90317C00FA7F72 /* icon_20.png */ = {isa = PBXFileReference; lastKnownFileType = image.png; name = icon_20.png; path = ICONS/icon_20.png; sourceTree = "<group>"; };
		573CBD431F90317C00FA7F72 /* icon_83_5.png */ = {isa = PBXFileReference; lastKnownFileType = image.png; name = icon_83_5.png; path = ICONS/icon_83_5.png; sourceTree = "<group>"; };
		573CBD441F90317C00FA7F72 /* icon_120.png */ = {isa = PBXFileReference; lastKnownFileType = image.png; name = icon_120.png; path = ICONS/icon_120.png; sourceTree = "<group>"; };
		573CBD451F90317C00FA7F72 /* icon_29.png */ = {isa = PBXFileReference; lastKnownFileType = image.png; name = icon_29.png; path = ICONS/icon_29.png; sourceTree = "<group>"; };
		573CBD461F90317C00FA7F72 /* icon_40.png */ = {isa = PBXFileReference; lastKnownFileType = image.png; name = icon_40.png; path = ICONS/icon_40.png; sourceTree = "<group>"; };
		573CBD471F90317C00FA7F72 /* icon_80.png */ = {isa = PBXFileReference; lastKnownFileType = image.png; name = icon_80.png; path = ICONS/icon_80.png; sourceTree = "<group>"; };
		573CBD481F90317C00FA7F72 /* icon_76.png */ = {isa = PBXFileReference; lastKnownFileType = image.png; name = icon_76.png; path = ICONS/icon_76.png; sourceTree = "<group>"; };
		573CBD491F90317C00FA7F72 /* design.psd */ = {isa = PBXFileReference; lastKnownFileType = file; name = design.psd; path = ICONS/design.psd; sourceTree = "<group>"; };
		57BE72D31F86ED6F0044B91B /* ProjectViewController.swift */ = {isa = PBXFileReference; fileEncoding = 4; lastKnownFileType = sourcecode.swift; path = ProjectViewController.swift; sourceTree = "<group>"; };
		57BE72D41F86ED6F0044B91B /* NVActivityIndicatorAnimations.swift */ = {isa = PBXFileReference; fileEncoding = 4; lastKnownFileType = sourcecode.swift; path = NVActivityIndicatorAnimations.swift; sourceTree = "<group>"; };
		57BE72D51F86ED6F0044B91B /* NVActivityIndicatorView.swift */ = {isa = PBXFileReference; fileEncoding = 4; lastKnownFileType = sourcecode.swift; path = NVActivityIndicatorView.swift; sourceTree = "<group>"; };
		57BE72D71F86ED6F0044B91B /* Models.swift */ = {isa = PBXFileReference; fileEncoding = 4; lastKnownFileType = sourcecode.swift; path = Models.swift; sourceTree = "<group>"; };
		57BE72DE1F86ED790044B91B /* Cells.swift */ = {isa = PBXFileReference; fileEncoding = 4; lastKnownFileType = sourcecode.swift; path = Cells.swift; sourceTree = "<group>"; };
		57BE72E01F86ED790044B91B /* ImageViewController.swift */ = {isa = PBXFileReference; fileEncoding = 4; lastKnownFileType = sourcecode.swift; path = ImageViewController.swift; sourceTree = "<group>"; };
		57BE72E71F86F69E0044B91B /* NVActivityIndicatorShape.swift */ = {isa = PBXFileReference; lastKnownFileType = sourcecode.swift; name = NVActivityIndicatorShape.swift; path = ../../NVActivityIndicatorShape.swift; sourceTree = "<group>"; };
		A902CD911F7ACF2000E090A6 /* LSX_Director.app */ = {isa = PBXFileReference; explicitFileType = wrapper.application; includeInIndex = 0; path = LSX_Director.app; sourceTree = BUILT_PRODUCTS_DIR; };
		A902CD941F7ACF2000E090A6 /* AppDelegate.swift */ = {isa = PBXFileReference; lastKnownFileType = sourcecode.swift; path = AppDelegate.swift; sourceTree = "<group>"; };
		A902CD961F7ACF2000E090A6 /* ViewController.swift */ = {isa = PBXFileReference; lastKnownFileType = sourcecode.swift; path = ViewController.swift; sourceTree = "<group>"; };
		A902CD991F7ACF2000E090A6 /* Base */ = {isa = PBXFileReference; lastKnownFileType = file.storyboard; name = Base; path = Base.lproj/Main.storyboard; sourceTree = "<group>"; };
		A902CD9B1F7ACF2000E090A6 /* Assets.xcassets */ = {isa = PBXFileReference; lastKnownFileType = folder.assetcatalog; path = Assets.xcassets; sourceTree = "<group>"; };
		A902CD9E1F7ACF2000E090A6 /* Base */ = {isa = PBXFileReference; lastKnownFileType = file.storyboard; name = Base; path = Base.lproj/LaunchScreen.storyboard; sourceTree = "<group>"; };
		A902CDA01F7ACF2000E090A6 /* Info.plist */ = {isa = PBXFileReference; lastKnownFileType = text.plist.xml; path = Info.plist; sourceTree = "<group>"; };
/* End PBXFileReference section */

/* Begin PBXFrameworksBuildPhase section */
		A902CD8E1F7ACF1F00E090A6 /* Frameworks */ = {
			isa = PBXFrameworksBuildPhase;
			buildActionMask = 2147483647;
			files = (
			);
			runOnlyForDeploymentPostprocessing = 0;
		};
/* End PBXFrameworksBuildPhase section */

/* Begin PBXGroup section */
		573CBD551F90318500FA7F72 /* ICONS */ = {
			isa = PBXGroup;
			children = (
				573CBD491F90317C00FA7F72 /* design.psd */,
				573CBD421F90317C00FA7F72 /* icon_20.png */,
				573CBD451F90317C00FA7F72 /* icon_29.png */,
				573CBD461F90317C00FA7F72 /* icon_40.png */,
				573CBD481F90317C00FA7F72 /* icon_76.png */,
				573CBD471F90317C00FA7F72 /* icon_80.png */,
				573CBD431F90317C00FA7F72 /* icon_83_5.png */,
				573CBD441F90317C00FA7F72 /* icon_120.png */,
				573CBD401F90317C00FA7F72 /* icon_152.png */,
				573CBD3F1F90317C00FA7F72 /* icon_167.png */,
				573CBD411F90317C00FA7F72 /* icon_1024.png */,
			);
			name = ICONS;
			sourceTree = "<group>";
		};
		57BE72E61F86F6320044B91B /* Inidicator */ = {
			isa = PBXGroup;
			children = (
				57BE72D41F86ED6F0044B91B /* NVActivityIndicatorAnimations.swift */,
				57BE72D51F86ED6F0044B91B /* NVActivityIndicatorView.swift */,
				57BE72E71F86F69E0044B91B /* NVActivityIndicatorShape.swift */,
			);
			path = Inidicator;
			sourceTree = "<group>";
		};
		A902CD881F7ACF1F00E090A6 = {
			isa = PBXGroup;
			children = (
				A902CD931F7ACF2000E090A6 /* LSX_Director */,
				A902CD921F7ACF2000E090A6 /* Products */,
				573CBD551F90318500FA7F72 /* ICONS */,
			);
			sourceTree = "<group>";
		};
		A902CD921F7ACF2000E090A6 /* Products */ = {
			isa = PBXGroup;
			children = (
				A902CD911F7ACF2000E090A6 /* LSX_Director.app */,
			);
			name = Products;
			sourceTree = "<group>";
		};
		A902CD931F7ACF2000E090A6 /* LSX_Director */ = {
			isa = PBXGroup;
			children = (
				57BE72E61F86F6320044B91B /* Inidicator */,
				A902CD941F7ACF2000E090A6 /* AppDelegate.swift */,
				A902CD9B1F7ACF2000E090A6 /* Assets.xcassets */,
				A902CD981F7ACF2000E090A6 /* Main.storyboard */,
				A902CD9D1F7ACF2000E090A6 /* LaunchScreen.storyboard */,
				A902CDA01F7ACF2000E090A6 /* Info.plist */,
				A902CD961F7ACF2000E090A6 /* ViewController.swift */,
				57BE72D31F86ED6F0044B91B /* ProjectViewController.swift */,
				57BE72E01F86ED790044B91B /* ImageViewController.swift */,
				57BE72D71F86ED6F0044B91B /* Models.swift */,
				57BE72DE1F86ED790044B91B /* Cells.swift */,
			);
			path = LSX_Director;
			sourceTree = "<group>";
		};
/* End PBXGroup section */

/* Begin PBXNativeTarget section */
		A902CD901F7ACF1F00E090A6 /* LSX_Director */ = {
			isa = PBXNativeTarget;
			buildConfigurationList = A902CDA31F7ACF2000E090A6 /* Build configuration list for PBXNativeTarget "LSX_Director" */;
			buildPhases = (
				A902CD8D1F7ACF1F00E090A6 /* Sources */,
				A902CD8E1F7ACF1F00E090A6 /* Frameworks */,
				A902CD8F1F7ACF1F00E090A6 /* Resources */,
			);
			buildRules = (
			);
			dependencies = (
			);
			name = LSX_Director;
			productName = LSX_Director;
			productReference = A902CD911F7ACF2000E090A6 /* LSX_Director.app */;
			productType = "com.apple.product-type.application";
		};
/* End PBXNativeTarget section */

/* Begin PBXProject section */
		A902CD891F7ACF1F00E090A6 /* Project object */ = {
			isa = PBXProject;
			attributes = {
				LastSwiftUpdateCheck = 0900;
				LastUpgradeCheck = 0900;
				ORGANIZATIONNAME = ATVI_MOCAP;
				TargetAttributes = {
					A902CD901F7ACF1F00E090A6 = {
						CreatedOnToolsVersion = 9.0;
						ProvisioningStyle = Automatic;
					};
				};
			};
			buildConfigurationList = A902CD8C1F7ACF1F00E090A6 /* Build configuration list for PBXProject "LSX_Director" */;
			compatibilityVersion = "Xcode 8.0";
			developmentRegion = en;
			hasScannedForEncodings = 0;
			knownRegions = (
				en,
				Base,
			);
			mainGroup = A902CD881F7ACF1F00E090A6;
			productRefGroup = A902CD921F7ACF2000E090A6 /* Products */;
			projectDirPath = "";
			projectRoot = "";
			targets = (
				A902CD901F7ACF1F00E090A6 /* LSX_Director */,
			);
		};
/* End PBXProject section */

/* Begin PBXResourcesBuildPhase section */
		A902CD8F1F7ACF1F00E090A6 /* Resources */ = {
			isa = PBXResourcesBuildPhase;
			buildActionMask = 2147483647;
			files = (
				573CBD4D1F90317C00FA7F72 /* icon_20.png in Resources */,
				573CBD4F1F90317C00FA7F72 /* icon_120.png in Resources */,
				A902CD9F1F7ACF2000E090A6 /* LaunchScreen.storyboard in Resources */,
				573CBD4C1F90317C00FA7F72 /* icon_1024.png in Resources */,
				573CBD4B1F90317C00FA7F72 /* icon_152.png in Resources */,
				573CBD4A1F90317C00FA7F72 /* icon_167.png in Resources */,
				573CBD531F90317C00FA7F72 /* icon_76.png in Resources */,
				573CBD541F90317C00FA7F72 /* design.psd in Resources */,
				A902CD9C1F7ACF2000E090A6 /* Assets.xcassets in Resources */,
				573CBD501F90317C00FA7F72 /* icon_29.png in Resources */,
				A902CD9A1F7ACF2000E090A6 /* Main.storyboard in Resources */,
				573CBD4E1F90317C00FA7F72 /* icon_83_5.png in Resources */,
				573CBD521F90317C00FA7F72 /* icon_80.png in Resources */,
				573CBD511F90317C00FA7F72 /* icon_40.png in Resources */,
			);
			runOnlyForDeploymentPostprocessing = 0;
		};
/* End PBXResourcesBuildPhase section */

/* Begin PBXSourcesBuildPhase section */
		A902CD8D1F7ACF1F00E090A6 /* Sources */ = {
			isa = PBXSourcesBuildPhase;
			buildActionMask = 2147483647;
			files = (
				57BE72E81F86F69E0044B91B /* NVActivityIndicatorShape.swift in Sources */,
				57BE72D91F86ED6F0044B91B /* ProjectViewController.swift in Sources */,
				57BE72DB1F86ED6F0044B91B /* NVActivityIndicatorView.swift in Sources */,
				57BE72DD1F86ED6F0044B91B /* Models.swift in Sources */,
				57BE72E11F86ED790044B91B /* Cells.swift in Sources */,
				A902CD971F7ACF2000E090A6 /* ViewController.swift in Sources */,
				A902CD951F7ACF2000E090A6 /* AppDelegate.swift in Sources */,
				57BE72E31F86ED790044B91B /* ImageViewController.swift in Sources */,
				57BE72DA1F86ED6F0044B91B /* NVActivityIndicatorAnimations.swift in Sources */,
			);
			runOnlyForDeploymentPostprocessing = 0;
		};
/* End PBXSourcesBuildPhase section */

/* Begin PBXVariantGroup section */
		A902CD981F7ACF2000E090A6 /* Main.storyboard */ = {
			isa = PBXVariantGroup;
			children = (
				A902CD991F7ACF2000E090A6 /* Base */,
			);
			name = Main.storyboard;
			sourceTree = "<group>";
		};
		A902CD9D1F7ACF2000E090A6 /* LaunchScreen.storyboard */ = {
			isa = PBXVariantGroup;
			children = (
				A902CD9E1F7ACF2000E090A6 /* Base */,
			);
			name = LaunchScreen.storyboard;
			sourceTree = "<group>";
		};
/* End PBXVariantGroup section */

/* Begin XCBuildConfiguration section */
		A902CDA11F7ACF2000E090A6 /* Debug */ = {
			isa = XCBuildConfiguration;
			buildSettings = {
				ALWAYS_SEARCH_USER_PATHS = NO;
				CLANG_ANALYZER_NONNULL = YES;
				CLANG_ANALYZER_NUMBER_OBJECT_CONVERSION = YES_AGGRESSIVE;
				CLANG_CXX_LANGUAGE_STANDARD = "gnu++14";
				CLANG_CXX_LIBRARY = "libc++";
				CLANG_ENABLE_MODULES = YES;
				CLANG_ENABLE_OBJC_ARC = YES;
				CLANG_WARN_BLOCK_CAPTURE_AUTORELEASING = YES;
				CLANG_WARN_BOOL_CONVERSION = YES;
				CLANG_WARN_COMMA = YES;
				CLANG_WARN_CONSTANT_CONVERSION = YES;
				CLANG_WARN_DIRECT_OBJC_ISA_USAGE = YES_ERROR;
				CLANG_WARN_DOCUMENTATION_COMMENTS = YES;
				CLANG_WARN_EMPTY_BODY = YES;
				CLANG_WARN_ENUM_CONVERSION = YES;
				CLANG_WARN_INFINITE_RECURSION = YES;
				CLANG_WARN_INT_CONVERSION = YES;
				CLANG_WARN_NON_LITERAL_NULL_CONVERSION = YES;
				CLANG_WARN_OBJC_LITERAL_CONVERSION = YES;
				CLANG_WARN_OBJC_ROOT_CLASS = YES_ERROR;
				CLANG_WARN_RANGE_LOOP_ANALYSIS = YES;
				CLANG_WARN_STRICT_PROTOTYPES = YES;
				CLANG_WARN_SUSPICIOUS_MOVE = YES;
				CLANG_WARN_UNGUARDED_AVAILABILITY = YES_AGGRESSIVE;
				CLANG_WARN_UNREACHABLE_CODE = YES;
				CLANG_WARN__DUPLICATE_METHOD_MATCH = YES;
				CODE_SIGN_IDENTITY = "iPhone Developer";
				COPY_PHASE_STRIP = NO;
				DEBUG_INFORMATION_FORMAT = dwarf;
				ENABLE_STRICT_OBJC_MSGSEND = YES;
				ENABLE_TESTABILITY = YES;
				GCC_C_LANGUAGE_STANDARD = gnu11;
				GCC_DYNAMIC_NO_PIC = NO;
				GCC_NO_COMMON_BLOCKS = YES;
				GCC_OPTIMIZATION_LEVEL = 0;
				GCC_PREPROCESSOR_DEFINITIONS = (
					"DEBUG=1",
					"$(inherited)",
				);
				GCC_WARN_64_TO_32_BIT_CONVERSION = YES;
				GCC_WARN_ABOUT_RETURN_TYPE = YES_ERROR;
				GCC_WARN_UNDECLARED_SELECTOR = YES;
				GCC_WARN_UNINITIALIZED_AUTOS = YES_AGGRESSIVE;
				GCC_WARN_UNUSED_FUNCTION = YES;
				GCC_WARN_UNUSED_VARIABLE = YES;
				IPHONEOS_DEPLOYMENT_TARGET = 11.0;
				MTL_ENABLE_DEBUG_INFO = YES;
				ONLY_ACTIVE_ARCH = YES;
				SDKROOT = iphoneos;
				SWIFT_ACTIVE_COMPILATION_CONDITIONS = DEBUG;
				SWIFT_OPTIMIZATION_LEVEL = "-Onone";
			};
			name = Debug;
		};
		A902CDA21F7ACF2000E090A6 /* Release */ = {
			isa = XCBuildConfiguration;
			buildSettings = {
				ALWAYS_SEARCH_USER_PATHS = NO;
				CLANG_ANALYZER_NONNULL = YES;
				CLANG_ANALYZER_NUMBER_OBJECT_CONVERSION = YES_AGGRESSIVE;
				CLANG_CXX_LANGUAGE_STANDARD = "gnu++14";
				CLANG_CXX_LIBRARY = "libc++";
				CLANG_ENABLE_MODULES = YES;
				CLANG_ENABLE_OBJC_ARC = YES;
				CLANG_WARN_BLOCK_CAPTURE_AUTORELEASING = YES;
				CLANG_WARN_BOOL_CONVERSION = YES;
				CLANG_WARN_COMMA = YES;
				CLANG_WARN_CONSTANT_CONVERSION = YES;
				CLANG_WARN_DIRECT_OBJC_ISA_USAGE = YES_ERROR;
				CLANG_WARN_DOCUMENTATION_COMMENTS = YES;
				CLANG_WARN_EMPTY_BODY = YES;
				CLANG_WARN_ENUM_CONVERSION = YES;
				CLANG_WARN_INFINITE_RECURSION = YES;
				CLANG_WARN_INT_CONVERSION = YES;
				CLANG_WARN_NON_LITERAL_NULL_CONVERSION = YES;
				CLANG_WARN_OBJC_LITERAL_CONVERSION = YES;
				CLANG_WARN_OBJC_ROOT_CLASS = YES_ERROR;
				CLANG_WARN_RANGE_LOOP_ANALYSIS = YES;
				CLANG_WARN_STRICT_PROTOTYPES = YES;
				CLANG_WARN_SUSPICIOUS_MOVE = YES;
				CLANG_WARN_UNGUARDED_AVAILABILITY = YES_AGGRESSIVE;
				CLANG_WARN_UNREACHABLE_CODE = YES;
				CLANG_WARN__DUPLICATE_METHOD_MATCH = YES;
				CODE_SIGN_IDENTITY = "iPhone Developer";
				COPY_PHASE_STRIP = NO;
				DEBUG_INFORMATION_FORMAT = "dwarf-with-dsym";
				ENABLE_NS_ASSERTIONS = NO;
				ENABLE_STRICT_OBJC_MSGSEND = YES;
				GCC_C_LANGUAGE_STANDARD = gnu11;
				GCC_NO_COMMON_BLOCKS = YES;
				GCC_WARN_64_TO_32_BIT_CONVERSION = YES;
				GCC_WARN_ABOUT_RETURN_TYPE = YES_ERROR;
				GCC_WARN_UNDECLARED_SELECTOR = YES;
				GCC_WARN_UNINITIALIZED_AUTOS = YES_AGGRESSIVE;
				GCC_WARN_UNUSED_FUNCTION = YES;
				GCC_WARN_UNUSED_VARIABLE = YES;
				IPHONEOS_DEPLOYMENT_TARGET = 11.0;
				MTL_ENABLE_DEBUG_INFO = NO;
				SDKROOT = iphoneos;
				SWIFT_OPTIMIZATION_LEVEL = "-Owholemodule";
				VALIDATE_PRODUCT = YES;
			};
			name = Release;
		};
		A902CDA41F7ACF2000E090A6 /* Debug */ = {
			isa = XCBuildConfiguration;
			buildSettings = {
				ASSETCATALOG_COMPILER_APPICON_NAME = AppIcon;
				CODE_SIGN_STYLE = Automatic;
				DEVELOPMENT_TEAM = 6KZFBJ4CBY;
				INFOPLIST_FILE = LSX_Director/Info.plist;
				LD_RUNPATH_SEARCH_PATHS = "$(inherited) @executable_path/Frameworks";
				PRODUCT_BUNDLE_IDENTIFIER = "beaker.LSX-Director";
				PRODUCT_NAME = "$(TARGET_NAME)";
				SWIFT_VERSION = 4.0;
				TARGETED_DEVICE_FAMILY = "1,2";
			};
			name = Debug;
		};
		A902CDA51F7ACF2000E090A6 /* Release */ = {
			isa = XCBuildConfiguration;
			buildSettings = {
				ASSETCATALOG_COMPILER_APPICON_NAME = AppIcon;
				CODE_SIGN_STYLE = Automatic;
				DEVELOPMENT_TEAM = 6KZFBJ4CBY;
				INFOPLIST_FILE = LSX_Director/Info.plist;
				LD_RUNPATH_SEARCH_PATHS = "$(inherited) @executable_path/Frameworks";
				PRODUCT_BUNDLE_IDENTIFIER = "beaker.LSX-Director";
				PRODUCT_NAME = "$(TARGET_NAME)";
				SWIFT_VERSION = 4.0;
				TARGETED_DEVICE_FAMILY = "1,2";
			};
			name = Release;
		};
/* End XCBuildConfiguration section */

/* Begin XCConfigurationList section */
		A902CD8C1F7ACF1F00E090A6 /* Build configuration list for PBXProject "LSX_Director" */ = {
			isa = XCConfigurationList;
			buildConfigurations = (
				A902CDA11F7ACF2000E090A6 /* Debug */,
				A902CDA21F7ACF2000E090A6 /* Release */,
			);
			defaultConfigurationIsVisible = 0;
			defaultConfigurationName = Release;
		};
		A902CDA31F7ACF2000E090A6 /* Build configuration list for PBXNativeTarget "LSX_Director" */ = {
			isa = XCConfigurationList;
			buildConfigurations = (
				A902CDA41F7ACF2000E090A6 /* Debug */,
				A902CDA51F7ACF2000E090A6 /* Release */,
			);
			defaultConfigurationIsVisible = 0;
			defaultConfigurationName = Release;
		};
/* End XCConfigurationList section */
	};
	rootObject = A902CD891F7ACF1F00E090A6 /* Project object */;
}
